
Microsoft Visual Studio Solution File, Format Version 12.00
# Visual Studio Version 17
VisualStudioVersion = 17.0.32014.148
MinimumVisualStudioVersion = 10.0.40219.1
Project("{2150E333-8FDC-42A3-9474-1A3956D46DE8}") = "Solution Items", "Solution Items", "{476944E9-5346-4000-AF80-8AF99E0636FF}"
	ProjectSection(SolutionItems) = preProject
		.editorconfig = .editorconfig
		antlr4-csharp-4.6.6-complete.jar = antlr4-csharp-4.6.6-complete.jar
		README.md = README.md
	EndProjectSection
EndProject
Project("{2150E333-8FDC-42A3-9474-1A3956D46DE8}") = "Benchmarks", "Benchmarks", "{C292BC9D-2485-4A1A-8F83-5D170FDD5A52}"
EndProject
Project("{2150E333-8FDC-42A3-9474-1A3956D46DE8}") = "Tests", "Tests", "{8FC52CC9-EBE9-47FB-BA9A-1F92B7478A92}"
EndProject
Project("{2150E333-8FDC-42A3-9474-1A3956D46DE8}") = "Docs", "Docs", "{E7836F73-0E71-4733-A02B-C5EDD966F7FD}"
EndProject
Project("{2150E333-8FDC-42A3-9474-1A3956D46DE8}") = "FontAwesome", "FontAwesome", "{8B025998-B3DE-4E91-B039-EFF870E36170}"
	ProjectSection(SolutionItems) = preProject
		docs\FontAwesome\ConnectingInstruction.txt = docs\FontAwesome\ConnectingInstruction.txt
		docs\FontAwesome\FrameworkIssues.txt = docs\FontAwesome\FrameworkIssues.txt
	EndProjectSection
EndProject
Project("{2150E333-8FDC-42A3-9474-1A3956D46DE8}") = "Core", "Core", "{96BF8904-DAEF-4646-8FB3-837F306623D8}"
EndProject
Project("{9A19103F-16F7-4668-BE54-9A1E7A4F7556}") = "IndexEngine", "core\IndexEngine\IndexEngine.csproj", "{5AF072DD-83C2-4F21-B9ED-6A80B9FBE626}"
EndProject
Project("{9A19103F-16F7-4668-BE54-9A1E7A4F7556}") = "ColorEngine", "core\ColorEngine\ColorEngine.csproj", "{23DB99DE-CB41-4E90-829C-1D2F4BDB02BF}"
EndProject
Project("{2150E333-8FDC-42A3-9474-1A3956D46DE8}") = "Shell", "Shell", "{ED523FD7-A009-4781-AAA2-8769CDC9D55A}"
EndProject
Project("{9A19103F-16F7-4668-BE54-9A1E7A4F7556}") = "ChatCorporaAnnotator", "shell\ChatCorporaAnnotator\ChatCorporaAnnotator.csproj", "{1FF74089-3576-4E76-9A5B-CAB2CB0BA873}"
EndProject
Project("{2150E333-8FDC-42A3-9474-1A3956D46DE8}") = "Suggester", "Suggester", "{E92F77CA-FE90-49FD-883F-C5F8D01FCD77}"
	ProjectSection(SolutionItems) = preProject
		docs\Suggester\Antlr4Issues.txt = docs\Suggester\Antlr4Issues.txt
		docs\Suggester\G4ManualCompilation.txt = docs\Suggester\G4ManualCompilation.txt
	EndProjectSection
EndProject
Project("{9A19103F-16F7-4668-BE54-9A1E7A4F7556}") = "SuggesterBenchmark", "benchmarks\SuggesterBenchmark\SuggesterBenchmark.csproj", "{18A42B30-861B-4746-B867-F90079208561}"
EndProject
Project("{9A19103F-16F7-4668-BE54-9A1E7A4F7556}") = "SuggesterTest", "tests\SuggesterTest\SuggesterTest.csproj", "{F8B809FC-0C87-437B-BEC9-B4A2583663E4}"
EndProject
Project("{9A19103F-16F7-4668-BE54-9A1E7A4F7556}") = "CoreNLPClient.Net", "core\CoreNLPClient.Net\CoreNLPClient.Net.csproj", "{542D84B4-4E47-4B44-8C8F-FAD76A3C46B2}"
EndProject
Project("{9A19103F-16F7-4668-BE54-9A1E7A4F7556}") = "CoreNLPEngine", "core\CoreNLPEngine\CoreNLPEngine.csproj", "{5604EF8B-8D8E-427C-8A5B-7BEC3F287AF3}"
EndProject
Project("{F2A71F9B-5D33-465A-A702-920D77279786}") = "NounPhraseExtractionAlgorithm", "core\NounPhraseExtractionAlgorithm\NounPhraseExtractionAlgorithm.fsproj", "{F861CA87-3A24-405D-8CDA-4E76E5933827}"
EndProject
Global
	GlobalSection(SolutionConfigurationPlatforms) = preSolution
		ContinuousIntegration|Any CPU = ContinuousIntegration|Any CPU
		Debug|Any CPU = Debug|Any CPU
		Release|Any CPU = Release|Any CPU
	EndGlobalSection
	GlobalSection(ProjectConfigurationPlatforms) = postSolution
		{5AF072DD-83C2-4F21-B9ED-6A80B9FBE626}.ContinuousIntegration|Any CPU.ActiveCfg = ContinuousIntegration|Any CPU
		{5AF072DD-83C2-4F21-B9ED-6A80B9FBE626}.ContinuousIntegration|Any CPU.Build.0 = ContinuousIntegration|Any CPU
		{5AF072DD-83C2-4F21-B9ED-6A80B9FBE626}.Debug|Any CPU.ActiveCfg = Debug|Any CPU
		{5AF072DD-83C2-4F21-B9ED-6A80B9FBE626}.Debug|Any CPU.Build.0 = Debug|Any CPU
		{5AF072DD-83C2-4F21-B9ED-6A80B9FBE626}.Release|Any CPU.ActiveCfg = Release|Any CPU
		{5AF072DD-83C2-4F21-B9ED-6A80B9FBE626}.Release|Any CPU.Build.0 = Release|Any CPU
		{23DB99DE-CB41-4E90-829C-1D2F4BDB02BF}.ContinuousIntegration|Any CPU.ActiveCfg = ContinuousIntegration|Any CPU
		{23DB99DE-CB41-4E90-829C-1D2F4BDB02BF}.ContinuousIntegration|Any CPU.Build.0 = ContinuousIntegration|Any CPU
		{23DB99DE-CB41-4E90-829C-1D2F4BDB02BF}.Debug|Any CPU.ActiveCfg = Debug|Any CPU
		{23DB99DE-CB41-4E90-829C-1D2F4BDB02BF}.Debug|Any CPU.Build.0 = Debug|Any CPU
		{23DB99DE-CB41-4E90-829C-1D2F4BDB02BF}.Release|Any CPU.ActiveCfg = Release|Any CPU
		{23DB99DE-CB41-4E90-829C-1D2F4BDB02BF}.Release|Any CPU.Build.0 = Release|Any CPU
		{1FF74089-3576-4E76-9A5B-CAB2CB0BA873}.ContinuousIntegration|Any CPU.ActiveCfg = ContinuousIntegration|Any CPU
		{1FF74089-3576-4E76-9A5B-CAB2CB0BA873}.ContinuousIntegration|Any CPU.Build.0 = ContinuousIntegration|Any CPU
		{1FF74089-3576-4E76-9A5B-CAB2CB0BA873}.Debug|Any CPU.ActiveCfg = Debug|Any CPU
		{1FF74089-3576-4E76-9A5B-CAB2CB0BA873}.Debug|Any CPU.Build.0 = Debug|Any CPU
		{1FF74089-3576-4E76-9A5B-CAB2CB0BA873}.Release|Any CPU.ActiveCfg = Release|Any CPU
		{1FF74089-3576-4E76-9A5B-CAB2CB0BA873}.Release|Any CPU.Build.0 = Release|Any CPU
		{18A42B30-861B-4746-B867-F90079208561}.ContinuousIntegration|Any CPU.ActiveCfg = ContinuousIntegration|Any CPU
		{18A42B30-861B-4746-B867-F90079208561}.ContinuousIntegration|Any CPU.Build.0 = ContinuousIntegration|Any CPU
		{18A42B30-861B-4746-B867-F90079208561}.Debug|Any CPU.ActiveCfg = Debug|Any CPU
		{18A42B30-861B-4746-B867-F90079208561}.Debug|Any CPU.Build.0 = Debug|Any CPU
		{18A42B30-861B-4746-B867-F90079208561}.Release|Any CPU.ActiveCfg = Release|Any CPU
		{18A42B30-861B-4746-B867-F90079208561}.Release|Any CPU.Build.0 = Release|Any CPU
		{F8B809FC-0C87-437B-BEC9-B4A2583663E4}.ContinuousIntegration|Any CPU.ActiveCfg = ContinuousIntegration|Any CPU
		{F8B809FC-0C87-437B-BEC9-B4A2583663E4}.ContinuousIntegration|Any CPU.Build.0 = ContinuousIntegration|Any CPU
		{F8B809FC-0C87-437B-BEC9-B4A2583663E4}.Debug|Any CPU.ActiveCfg = Debug|Any CPU
		{F8B809FC-0C87-437B-BEC9-B4A2583663E4}.Debug|Any CPU.Build.0 = Debug|Any CPU
		{F8B809FC-0C87-437B-BEC9-B4A2583663E4}.Release|Any CPU.ActiveCfg = Release|Any CPU
		{F8B809FC-0C87-437B-BEC9-B4A2583663E4}.Release|Any CPU.Build.0 = Release|Any CPU
		{542D84B4-4E47-4B44-8C8F-FAD76A3C46B2}.ContinuousIntegration|Any CPU.ActiveCfg = Debug|Any CPU
		{542D84B4-4E47-4B44-8C8F-FAD76A3C46B2}.ContinuousIntegration|Any CPU.Build.0 = Debug|Any CPU
		{542D84B4-4E47-4B44-8C8F-FAD76A3C46B2}.Debug|Any CPU.ActiveCfg = Debug|Any CPU
		{542D84B4-4E47-4B44-8C8F-FAD76A3C46B2}.Debug|Any CPU.Build.0 = Debug|Any CPU
		{542D84B4-4E47-4B44-8C8F-FAD76A3C46B2}.Release|Any CPU.ActiveCfg = Release|Any CPU
		{542D84B4-4E47-4B44-8C8F-FAD76A3C46B2}.Release|Any CPU.Build.0 = Release|Any CPU
		{5604EF8B-8D8E-427C-8A5B-7BEC3F287AF3}.ContinuousIntegration|Any CPU.ActiveCfg = Debug|Any CPU
		{5604EF8B-8D8E-427C-8A5B-7BEC3F287AF3}.ContinuousIntegration|Any CPU.Build.0 = Debug|Any CPU
		{5604EF8B-8D8E-427C-8A5B-7BEC3F287AF3}.Debug|Any CPU.ActiveCfg = Debug|Any CPU
		{5604EF8B-8D8E-427C-8A5B-7BEC3F287AF3}.Debug|Any CPU.Build.0 = Debug|Any CPU
		{5604EF8B-8D8E-427C-8A5B-7BEC3F287AF3}.Release|Any CPU.ActiveCfg = Release|Any CPU
		{5604EF8B-8D8E-427C-8A5B-7BEC3F287AF3}.Release|Any CPU.Build.0 = Release|Any CPU
		{F861CA87-3A24-405D-8CDA-4E76E5933827}.ContinuousIntegration|Any CPU.ActiveCfg = Debug|Any CPU
		{F861CA87-3A24-405D-8CDA-4E76E5933827}.ContinuousIntegration|Any CPU.Build.0 = Debug|Any CPU
		{F861CA87-3A24-405D-8CDA-4E76E5933827}.Debug|Any CPU.ActiveCfg = Debug|Any CPU
		{F861CA87-3A24-405D-8CDA-4E76E5933827}.Debug|Any CPU.Build.0 = Debug|Any CPU
		{F861CA87-3A24-405D-8CDA-4E76E5933827}.Release|Any CPU.ActiveCfg = Release|Any CPU
		{F861CA87-3A24-405D-8CDA-4E76E5933827}.Release|Any CPU.Build.0 = Release|Any CPU
	EndGlobalSection
	GlobalSection(SolutionProperties) = preSolution
		HideSolutionNode = FALSE
	EndGlobalSection
	GlobalSection(NestedProjects) = preSolution
		{8B025998-B3DE-4E91-B039-EFF870E36170} = {E7836F73-0E71-4733-A02B-C5EDD966F7FD}
		{5AF072DD-83C2-4F21-B9ED-6A80B9FBE626} = {96BF8904-DAEF-4646-8FB3-837F306623D8}
		{23DB99DE-CB41-4E90-829C-1D2F4BDB02BF} = {96BF8904-DAEF-4646-8FB3-837F306623D8}
		{1FF74089-3576-4E76-9A5B-CAB2CB0BA873} = {ED523FD7-A009-4781-AAA2-8769CDC9D55A}
		{E92F77CA-FE90-49FD-883F-C5F8D01FCD77} = {E7836F73-0E71-4733-A02B-C5EDD966F7FD}
		{18A42B30-861B-4746-B867-F90079208561} = {C292BC9D-2485-4A1A-8F83-5D170FDD5A52}
		{F8B809FC-0C87-437B-BEC9-B4A2583663E4} = {8FC52CC9-EBE9-47FB-BA9A-1F92B7478A92}
		{542D84B4-4E47-4B44-8C8F-FAD76A3C46B2} = {96BF8904-DAEF-4646-8FB3-837F306623D8}
		{5604EF8B-8D8E-427C-8A5B-7BEC3F287AF3} = {96BF8904-DAEF-4646-8FB3-837F306623D8}
		{F861CA87-3A24-405D-8CDA-4E76E5933827} = {96BF8904-DAEF-4646-8FB3-837F306623D8}
	EndGlobalSection
	GlobalSection(ExtensibilityGlobals) = postSolution
		SolutionGuid = {0F68D240-71D4-4206-84D2-91EA13C5899F}
	EndGlobalSection
EndGlobal
