
Microsoft Visual Studio Solution File, Format Version 12.00
# Visual Studio Version 17
VisualStudioVersion = 17.0.32014.148
MinimumVisualStudioVersion = 10.0.40219.1
Project("{FAE04EC0-301F-11D3-BF4B-00C04F79EFBC}") = "Chat-Corpora-Annotator", "Chat-Corpora-Annotator\Chat-Corpora-Annotator.csproj", "{FA95809F-5A03-4586-9A78-63B64E7A9AAB}"
EndProject
Project("{2150E333-8FDC-42A3-9474-1A3956D46DE8}") = "Solution Items", "Solution Items", "{476944E9-5346-4000-AF80-8AF99E0636FF}"
	ProjectSection(SolutionItems) = preProject
		.editorconfig = .editorconfig
		README.md = README.md
	EndProjectSection
EndProject
Project("{FAE04EC0-301F-11D3-BF4B-00C04F79EFBC}") = "IndexEngine", "IndexEngine\IndexEngine.csproj", "{3A58AB22-7CB7-47DA-8B31-F513CC71DB3A}"
EndProject
Project("{FAE04EC0-301F-11D3-BF4B-00C04F79EFBC}") = "ColorLibrary", "ColorLibrary\ColorLibrary.csproj", "{A7EFD38E-8FBE-4B2A-8461-2843971A6C9E}"
EndProject
Project("{F2A71F9B-5D33-465A-A702-920D77279786}") = "NounPhraseAlgorithm", "NounPhraseAlgorithm\NounPhraseAlgorithm.fsproj", "{6316656E-4B11-42CE-BA65-CDF5D079D7D8}"
EndProject
Project("{2150E333-8FDC-42A3-9474-1A3956D46DE8}") = "Subprojects", "Subprojects", "{6C84F69D-74E4-41BB-85C2-16C43FD8EE90}"
EndProject
Project("{2150E333-8FDC-42A3-9474-1A3956D46DE8}") = "FontAwesome", "FontAwesome", "{9E9D6E21-A54A-4FE1-AC4C-18BE4FDB03FF}"
	ProjectSection(SolutionItems) = preProject
		ConnectingInstruction.txt = ConnectingInstruction.txt
		FrameworkIssues.txt = FrameworkIssues.txt
	EndProjectSection
EndProject
Project("{9A19103F-16F7-4668-BE54-9A1E7A4F7556}") = "FontAwesome5", "vendor\FontAwesome5\src\FontAwesome5\FontAwesome5.csproj", "{B8E1321E-91B3-4DAB-8376-E7C76CD1C5BF}"
EndProject
Project("{9A19103F-16F7-4668-BE54-9A1E7A4F7556}") = "FontAwesome5.Net", "vendor\FontAwesome5\src\FontAwesome5.Net\FontAwesome5.Net.csproj", "{E2255AB1-1E63-4429-A600-B70D58682BF7}"
EndProject
Project("{D954291E-2A0B-460D-934E-DC6B0785DB48}") = "FontAwesome.Shared", "vendor\FontAwesome5\src\FontAwesome.Shared\FontAwesome.Shared.shproj", "{2F36F2DF-F8B2-49CB-91E7-E5C88E3A96D5}"
EndProject
Project("{2150E333-8FDC-42A3-9474-1A3956D46DE8}") = "Benchmarks", "Benchmarks", "{C292BC9D-2485-4A1A-8F83-5D170FDD5A52}"
EndProject
Project("{FAE04EC0-301F-11D3-BF4B-00C04F79EFBC}") = "SuggesterBenchmark", "benchmarks\SuggesterBenchmark\SuggesterBenchmark.csproj", "{87125E88-C168-4363-BD04-3B2D7B012057}"
EndProject
Global
	GlobalSection(SharedMSBuildProjectFiles) = preSolution
		vendor\FontAwesome5\src\FontAwesome.Shared\FontAwesome.Shared.projitems*{2f36f2df-f8b2-49cb-91e7-e5c88e3a96d5}*SharedItemsImports = 13
		vendor\FontAwesome5\src\FontAwesome.Shared\FontAwesome.Shared.projitems*{e2255ab1-1e63-4429-a600-b70d58682bf7}*SharedItemsImports = 5
	EndGlobalSection
	GlobalSection(SolutionConfigurationPlatforms) = preSolution
		Debug|Any CPU = Debug|Any CPU
		Release|Any CPU = Release|Any CPU
	EndGlobalSection
	GlobalSection(ProjectConfigurationPlatforms) = postSolution
		{FA95809F-5A03-4586-9A78-63B64E7A9AAB}.Debug|Any CPU.ActiveCfg = Debug|Any CPU
		{FA95809F-5A03-4586-9A78-63B64E7A9AAB}.Debug|Any CPU.Build.0 = Debug|Any CPU
		{FA95809F-5A03-4586-9A78-63B64E7A9AAB}.Release|Any CPU.ActiveCfg = Release|Any CPU
		{FA95809F-5A03-4586-9A78-63B64E7A9AAB}.Release|Any CPU.Build.0 = Release|Any CPU
		{3A58AB22-7CB7-47DA-8B31-F513CC71DB3A}.Debug|Any CPU.ActiveCfg = Debug|Any CPU
		{3A58AB22-7CB7-47DA-8B31-F513CC71DB3A}.Debug|Any CPU.Build.0 = Debug|Any CPU
		{3A58AB22-7CB7-47DA-8B31-F513CC71DB3A}.Release|Any CPU.ActiveCfg = Release|Any CPU
		{3A58AB22-7CB7-47DA-8B31-F513CC71DB3A}.Release|Any CPU.Build.0 = Release|Any CPU
		{A7EFD38E-8FBE-4B2A-8461-2843971A6C9E}.Debug|Any CPU.ActiveCfg = Debug|Any CPU
		{A7EFD38E-8FBE-4B2A-8461-2843971A6C9E}.Debug|Any CPU.Build.0 = Debug|Any CPU
		{A7EFD38E-8FBE-4B2A-8461-2843971A6C9E}.Release|Any CPU.ActiveCfg = Release|Any CPU
		{A7EFD38E-8FBE-4B2A-8461-2843971A6C9E}.Release|Any CPU.Build.0 = Release|Any CPU
		{6316656E-4B11-42CE-BA65-CDF5D079D7D8}.Debug|Any CPU.ActiveCfg = Debug|Any CPU
		{6316656E-4B11-42CE-BA65-CDF5D079D7D8}.Debug|Any CPU.Build.0 = Debug|Any CPU
		{6316656E-4B11-42CE-BA65-CDF5D079D7D8}.Release|Any CPU.ActiveCfg = Release|Any CPU
		{6316656E-4B11-42CE-BA65-CDF5D079D7D8}.Release|Any CPU.Build.0 = Release|Any CPU
		{B8E1321E-91B3-4DAB-8376-E7C76CD1C5BF}.Debug|Any CPU.ActiveCfg = Debug|Any CPU
		{B8E1321E-91B3-4DAB-8376-E7C76CD1C5BF}.Release|Any CPU.ActiveCfg = Release|Any CPU
		{B8E1321E-91B3-4DAB-8376-E7C76CD1C5BF}.Release|Any CPU.Build.0 = Release|Any CPU
		{E2255AB1-1E63-4429-A600-B70D58682BF7}.Debug|Any CPU.ActiveCfg = Debug|Any CPU
		{E2255AB1-1E63-4429-A600-B70D58682BF7}.Release|Any CPU.ActiveCfg = Release|Any CPU
		{E2255AB1-1E63-4429-A600-B70D58682BF7}.Release|Any CPU.Build.0 = Release|Any CPU
		{87125E88-C168-4363-BD04-3B2D7B012057}.Debug|Any CPU.ActiveCfg = Debug|Any CPU
		{87125E88-C168-4363-BD04-3B2D7B012057}.Debug|Any CPU.Build.0 = Debug|Any CPU
		{87125E88-C168-4363-BD04-3B2D7B012057}.Release|Any CPU.ActiveCfg = Release|Any CPU
		{87125E88-C168-4363-BD04-3B2D7B012057}.Release|Any CPU.Build.0 = Release|Any CPU
	EndGlobalSection
	GlobalSection(SolutionProperties) = preSolution
		HideSolutionNode = FALSE
	EndGlobalSection
	GlobalSection(NestedProjects) = preSolution
		{9E9D6E21-A54A-4FE1-AC4C-18BE4FDB03FF} = {6C84F69D-74E4-41BB-85C2-16C43FD8EE90}
		{B8E1321E-91B3-4DAB-8376-E7C76CD1C5BF} = {9E9D6E21-A54A-4FE1-AC4C-18BE4FDB03FF}
		{E2255AB1-1E63-4429-A600-B70D58682BF7} = {9E9D6E21-A54A-4FE1-AC4C-18BE4FDB03FF}
		{2F36F2DF-F8B2-49CB-91E7-E5C88E3A96D5} = {9E9D6E21-A54A-4FE1-AC4C-18BE4FDB03FF}
		{87125E88-C168-4363-BD04-3B2D7B012057} = {C292BC9D-2485-4A1A-8F83-5D170FDD5A52}
	EndGlobalSection
	GlobalSection(ExtensibilityGlobals) = postSolution
		SolutionGuid = {0F68D240-71D4-4206-84D2-91EA13C5899F}
	EndGlobalSection
EndGlobal
